{
  "name": "@sdgoij/nestjsx-crud",
  "version": "4.3.0-alpha.1",
  "lockfileVersion": 1,
  "requires": true,
  "dependencies": {
    "@nestjsx/util": {
      "version": "4.3.0-alpha.0",
      "resolved": "https://registry.npmjs.org/@nestjsx/util/-/util-4.3.0-alpha.0.tgz",
      "integrity": "sha512-H8+WKqZkvm4Yj6EpjQAZVLI5hKcpJLZ5/iwYXdc9Cch6OSuZeuTZuGwQJ2q4dZlM46XkRNHKXQjy0uL2MFkFZQ=="
    },
    "@sdgoij/nestjsx-crud-request": {
      "version": "4.3.0-alpha.1",
      "resolved": "https://registry.npmjs.org/@sdgoij/nestjsx-crud-request/-/nestjsx-crud-request-4.3.0-alpha.1.tgz",
      "integrity": "sha512-XMYoRTRb97mFnzMGMP30toSutT4nvs2qV+Hxq46taexbafOP0zgZJODH/9vO4NjF5cLpgQF5o0P2XH5Mj09EQw==",
      "requires": {
        "@nestjsx/util": "^4.3.0-alpha.0",
        "qs": "^6.8.0"
      }
    },
    "@sdgoij/nestjsx-util": {
      "version": "4.3.0-alpha.1",
      "resolved": "https://registry.npmjs.org/@sdgoij/nestjsx-util/-/nestjsx-util-4.3.0-alpha.1.tgz",
      "integrity": "sha512-ZhevBdFtbLFGWa+61nN0dkniR5PyyOtGk2qtc1ZR4kjj8QgFGs1meFup5cIXKGBaUe6fl651qGz/IfEE98tq6w=="
    },
    "deepmerge": {
      "version": "3.3.0",
      "resolved": "https://registry.npmjs.org/deepmerge/-/deepmerge-3.3.0.tgz",
      "integrity": "sha512-GRQOafGHwMHpjPx9iCvTgpu9NojZ49q794EEL94JVEw6VaeA8XTUyBKvAkOOjBX9oJNiV6G3P+T+tihFjo2TqA=="
    },
    "qs": {
      "version": "6.9.1",
      "resolved": "https://registry.npmjs.org/qs/-/qs-6.9.1.tgz",
      "integrity": "sha512-Cxm7/SS/y/Z3MHWSxXb8lIFqgqBowP5JMlTUFyJN88y0SGQhVmZnqFK/PeuMX9LzUyWsqqhNxIyg0jlzq946yA=="
    }
  }
}
