{
  "name": "@sdgoij/nestjsx-crud-request",
  "version": "4.3.0-alpha.1",
  "lockfileVersion": 1,
  "requires": true,
  "dependencies": {
    "@sdgoij/nestjsx-util": {
      "version": "4.3.0-alpha.1",
      "resolved": "https://registry.npmjs.org/@sdgoij/nestjsx-util/-/nestjsx-util-4.3.0-alpha.1.tgz",
      "integrity": "sha512-ZhevBdFtbLFGWa+61nN0dkniR5PyyOtGk2qtc1ZR4kjj8QgFGs1meFup5cIXKGBaUe6fl651qGz/IfEE98tq6w=="
    },
    "qs": {
      "version": "6.9.1",
      "resolved": "https://registry.npmjs.org/qs/-/qs-6.9.1.tgz",
      "integrity": "sha512-Cxm7/SS/y/Z3MHWSxXb8lIFqgqBowP5JMlTUFyJN88y0SGQhVmZnqFK/PeuMX9LzUyWsqqhNxIyg0jlzq946yA=="
    }
  }
}
